// !$*UTF8*$!
{
	archiveVersion = 1;
	classes = {
	};
	objectVersion = 46;
	objects = {

/* Begin PBXBuildFile section */
		60E1F20A15FD943C00581240 /* UIKit.framework in Frameworks */ = {isa = PBXBuildFile; fileRef = 60E1F20915FD943C00581240 /* UIKit.framework */; };
		60E1F20C15FD943C00581240 /* Foundation.framework in Frameworks */ = {isa = PBXBuildFile; fileRef = 60E1F20B15FD943C00581240 /* Foundation.framework */; };
		60E1F20E15FD943C00581240 /* CoreGraphics.framework in Frameworks */ = {isa = PBXBuildFile; fileRef = 60E1F20D15FD943C00581240 /* CoreGraphics.framework */; };
		60E1F21415FD943C00581240 /* InfoPlist.strings in Resources */ = {isa = PBXBuildFile; fileRef = 60E1F21215FD943C00581240 /* InfoPlist.strings */; };
		60E1F21615FD943C00581240 /* main.m in Sources */ = {isa = PBXBuildFile; fileRef = 60E1F21515FD943C00581240 /* main.m */; };
		60E1F21A15FD943C00581240 /* ACAppDelegate.m in Sources */ = {isa = PBXBuildFile; fileRef = 60E1F21915FD943C00581240 /* ACAppDelegate.m */; };
		60E1F21D15FD943C00581240 /* MainStoryboard.storyboard in Resources */ = {isa = PBXBuildFile; fileRef = 60E1F21B15FD943C00581240 /* MainStoryboard.storyboard */; };
		60E1F22015FD943C00581240 /* ACViewController.m in Sources */ = {isa = PBXBuildFile; fileRef = 60E1F21F15FD943C00581240 /* ACViewController.m */; };
/* End PBXBuildFile section */

/* Begin PBXFileReference section */
		60E1F20515FD943C00581240 /* Feedback.app */ = {isa = PBXFileReference; explicitFileType = wrapper.application; includeInIndex = 0; path = Feedback.app; sourceTree = BUILT_PRODUCTS_DIR; };
		60E1F20915FD943C00581240 /* UIKit.framework */ = {isa = PBXFileReference; lastKnownFileType = wrapper.framework; name = UIKit.framework; path = System/Library/Frameworks/UIKit.framework; sourceTree = SDKROOT; };
		60E1F20B15FD943C00581240 /* Foundation.framework */ = {isa = PBXFileReference; lastKnownFileType = wrapper.framework; name = Foundation.framework; path = System/Library/Frameworks/Foundation.framework; sourceTree = SDKROOT; };
		60E1F20D15FD943C00581240 /* CoreGraphics.framework */ = {isa = PBXFileReference; lastKnownFileType = wrapper.framework; name = CoreGraphics.framework; path = System/Library/Frameworks/CoreGraphics.framework; sourceTree = SDKROOT; };
		60E1F21115FD943C00581240 /* Feedback-Info.plist */ = {isa = PBXFileReference; lastKnownFileType = text.plist.xml; path = "Feedback-Info.plist"; sourceTree = "<group>"; };
		60E1F21315FD943C00581240 /* en */ = {isa = PBXFileReference; lastKnownFileType = text.plist.strings; name = en; path = en.lproj/InfoPlist.strings; sourceTree = "<group>"; };
		60E1F21515FD943C00581240 /* main.m */ = {isa = PBXFileReference; lastKnownFileType = sourcecode.c.objc; path = main.m; sourceTree = "<group>"; };
		60E1F21715FD943C00581240 /* Feedback-Prefix.pch */ = {isa = PBXFileReference; lastKnownFileType = sourcecode.c.h; path = "Feedback-Prefix.pch"; sourceTree = "<group>"; };
		60E1F21815FD943C00581240 /* ACAppDelegate.h */ = {isa = PBXFileReference; lastKnownFileType = sourcecode.c.h; path = ACAppDelegate.h; sourceTree = "<group>"; };
		60E1F21915FD943C00581240 /* ACAppDelegate.m */ = {isa = PBXFileReference; lastKnownFileType = sourcecode.c.objc; path = ACAppDelegate.m; sourceTree = "<group>"; };
		60E1F21C15FD943C00581240 /* en */ = {isa = PBXFileReference; lastKnownFileType = file.storyboard; name = en; path = en.lproj/MainStoryboard.storyboard; sourceTree = "<group>"; };
		60E1F21E15FD943C00581240 /* ACViewController.h */ = {isa = PBXFileReference; lastKnownFileType = sourcecode.c.h; path = ACViewController.h; sourceTree = "<group>"; };
		60E1F21F15FD943C00581240 /* ACViewController.m */ = {isa = PBXFileReference; lastKnownFileType = sourcecode.c.objc; path = ACViewController.m; sourceTree = "<group>"; };
		60E1F25C15FDBBAB00581240 /* JSONKit.h */ = {isa = PBXFileReference; lastKnownFileType = sourcecode.c.h; path = JSONKit.h; sourceTree = "<group>"; };
		60E1F25D15FDBBAB00581240 /* JSONKit.m */ = {isa = PBXFileReference; lastKnownFileType = sourcecode.c.objc; path = JSONKit.m; sourceTree = "<group>"; };
/* End PBXFileReference section */

/* Begin PBXFrameworksBuildPhase section */
		60E1F20215FD943C00581240 /* Frameworks */ = {
			isa = PBXFrameworksBuildPhase;
			buildActionMask = 2147483647;
			files = (
				60E1F20A15FD943C00581240 /* UIKit.framework in Frameworks */,
				60E1F20C15FD943C00581240 /* Foundation.framework in Frameworks */,
				60E1F20E15FD943C00581240 /* CoreGraphics.framework in Frameworks */,
			);
			runOnlyForDeploymentPostprocessing = 0;
		};
/* End PBXFrameworksBuildPhase section */

/* Begin PBXGroup section */
		60E1F1FA15FD943B00581240 = {
			isa = PBXGroup;
			children = (
				60E1F20F15FD943C00581240 /* Feedback */,
				60E1F20815FD943C00581240 /* Frameworks */,
				60E1F20615FD943C00581240 /* Products */,
			);
			sourceTree = "<group>";
		};
		60E1F20615FD943C00581240 /* Products */ = {
			isa = PBXGroup;
			children = (
				60E1F20515FD943C00581240 /* Feedback.app */,
			);
			name = Products;
			sourceTree = "<group>";
		};
		60E1F20815FD943C00581240 /* Frameworks */ = {
			isa = PBXGroup;
			children = (
				60E1F20915FD943C00581240 /* UIKit.framework */,
				60E1F20B15FD943C00581240 /* Foundation.framework */,
				60E1F20D15FD943C00581240 /* CoreGraphics.framework */,
			);
			name = Frameworks;
			sourceTree = "<group>";
		};
		60E1F20F15FD943C00581240 /* Feedback */ = {
			isa = PBXGroup;
			children = (
				60E1F25C15FDBBAB00581240 /* JSONKit.h */,
				60E1F25D15FDBBAB00581240 /* JSONKit.m */,
				60E1F21815FD943C00581240 /* ACAppDelegate.h */,
				60E1F21915FD943C00581240 /* ACAppDelegate.m */,
				60E1F21B15FD943C00581240 /* MainStoryboard.storyboard */,
				60E1F21E15FD943C00581240 /* ACViewController.h */,
				60E1F21F15FD943C00581240 /* ACViewController.m */,
				60E1F21015FD943C00581240 /* Supporting Files */,
			);
			path = Feedback;
			sourceTree = "<group>";
		};
		60E1F21015FD943C00581240 /* Supporting Files */ = {
			isa = PBXGroup;
			children = (
				60E1F21115FD943C00581240 /* Feedback-Info.plist */,
				60E1F21215FD943C00581240 /* InfoPlist.strings */,
				60E1F21515FD943C00581240 /* main.m */,
				60E1F21715FD943C00581240 /* Feedback-Prefix.pch */,
			);
			name = "Supporting Files";
			sourceTree = "<group>";
		};
/* End PBXGroup section */

/* Begin PBXNativeTarget section */
		60E1F20415FD943C00581240 /* Feedback */ = {
			isa = PBXNativeTarget;
			buildConfigurationList = 60E1F22315FD943C00581240 /* Build configuration list for PBXNativeTarget "Feedback" */;
			buildPhases = (
				60E1F20115FD943C00581240 /* Sources */,
				60E1F20215FD943C00581240 /* Frameworks */,
				60E1F20315FD943C00581240 /* Resources */,
			);
			buildRules = (
			);
			dependencies = (
			);
			name = Feedback;
			productName = Feedback;
			productReference = 60E1F20515FD943C00581240 /* Feedback.app */;
			productType = "com.apple.product-type.application";
		};
/* End PBXNativeTarget section */

/* Begin PBXProject section */
		60E1F1FC15FD943B00581240 /* Project object */ = {
			isa = PBXProject;
			attributes = {
				CLASSPREFIX = AC;
				LastUpgradeCheck = 0440;
				ORGANIZATIONNAME = "Apple Club";
			};
			buildConfigurationList = 60E1F1FF15FD943B00581240 /* Build configuration list for PBXProject "Feedback" */;
			compatibilityVersion = "Xcode 3.2";
			developmentRegion = English;
			hasScannedForEncodings = 0;
			knownRegions = (
				en,
			);
			mainGroup = 60E1F1FA15FD943B00581240;
			productRefGroup = 60E1F20615FD943C00581240 /* Products */;
			projectDirPath = "";
			projectRoot = "";
			targets = (
				60E1F20415FD943C00581240 /* Feedback */,
			);
		};
/* End PBXProject section */

/* Begin PBXResourcesBuildPhase section */
		60E1F20315FD943C00581240 /* Resources */ = {
			isa = PBXResourcesBuildPhase;
			buildActionMask = 2147483647;
			files = (
				60E1F21415FD943C00581240 /* InfoPlist.strings in Resources */,
				60E1F21D15FD943C00581240 /* MainStoryboard.storyboard in Resources */,
			);
			runOnlyForDeploymentPostprocessing = 0;
		};
/* End PBXResourcesBuildPhase section */

/* Begin PBXSourcesBuildPhase section */
		60E1F20115FD943C00581240 /* Sources */ = {
			isa = PBXSourcesBuildPhase;
			buildActionMask = 2147483647;
			files = (
				60E1F21615FD943C00581240 /* main.m in Sources */,
				60E1F21A15FD943C00581240 /* ACAppDelegate.m in Sources */,
				60E1F22015FD943C00581240 /* ACViewController.m in Sources */,
			);
			runOnlyForDeploymentPostprocessing = 0;
		};
/* End PBXSourcesBuildPhase section */

/* Begin PBXVariantGroup section */
		60E1F21215FD943C00581240 /* InfoPlist.strings */ = {
			isa = PBXVariantGroup;
			children = (
				60E1F21315FD943C00581240 /* en */,
			);
			name = InfoPlist.strings;
			sourceTree = "<group>";
		};
		60E1F21B15FD943C00581240 /* MainStoryboard.storyboard */ = {
			isa = PBXVariantGroup;
			children = (
				60E1F21C15FD943C00581240 /* en */,
			);
			name = MainStoryboard.storyboard;
			sourceTree = "<group>";
		};
/* End PBXVariantGroup section */

/* Begin XCBuildConfiguration section */
		60E1F22115FD943C00581240 /* Debug */ = {
			isa = XCBuildConfiguration;
			buildSettings = {
				ALWAYS_SEARCH_USER_PATHS = NO;
				ARCHS = "$(ARCHS_STANDARD_32_BIT)";
				CLANG_CXX_LANGUAGE_STANDARD = "gnu++0x";
				CLANG_ENABLE_OBJC_ARC = YES;
				CLANG_WARN__DUPLICATE_METHOD_MATCH = YES;
				"CODE_SIGN_IDENTITY[sdk=iphoneos*]" = "iPhone Developer";
				COPY_PHASE_STRIP = NO;
				GCC_C_LANGUAGE_STANDARD = gnu99;
				GCC_DYNAMIC_NO_PIC = NO;
				GCC_OPTIMIZATION_LEVEL = 0;
				GCC_PREPROCESSOR_DEFINITIONS = (
					"DEBUG=1",
					"$(inherited)",
				);
				GCC_SYMBOLS_PRIVATE_EXTERN = NO;
				GCC_VERSION = com.apple.compilers.llvm.clang.1_0;
				GCC_WARN_ABOUT_RETURN_TYPE = YES;
				GCC_WARN_UNINITIALIZED_AUTOS = YES;
				GCC_WARN_UNUSED_VARIABLE = YES;
				IPHONEOS_DEPLOYMENT_TARGET = 5.1;
				SDKROOT = iphoneos;
			};
			name = Debug;
		};
		60E1F22215FD943C00581240 /* Release */ = {
			isa = XCBuildConfiguration;
			buildSettings = {
				ALWAYS_SEARCH_USER_PATHS = NO;
				ARCHS = "$(ARCHS_STANDARD_32_BIT)";
				CLANG_CXX_LANGUAGE_STANDARD = "gnu++0x";
				CLANG_ENABLE_OBJC_ARC = YES;
				CLANG_WARN__DUPLICATE_METHOD_MATCH = YES;
				"CODE_SIGN_IDENTITY[sdk=iphoneos*]" = "iPhone Developer";
				COPY_PHASE_STRIP = YES;
				GCC_C_LANGUAGE_STANDARD = gnu99;
				GCC_VERSION = com.apple.compilers.llvm.clang.1_0;
				GCC_WARN_ABOUT_RETURN_TYPE = YES;
				GCC_WARN_UNINITIALIZED_AUTOS = YES;
				GCC_WARN_UNUSED_VARIABLE = YES;
				IPHONEOS_DEPLOYMENT_TARGET = 5.1;
				OTHER_CFLAGS = "-DNS_BLOCK_ASSERTIONS=1";
				SDKROOT = iphoneos;
				VALIDATE_PRODUCT = YES;
			};
			name = Release;
		};
		60E1F22415FD943C00581240 /* Debug */ = {
			isa = XCBuildConfiguration;
			buildSettings = {
				GCC_PRECOMPILE_PREFIX_HEADER = YES;
				GCC_PREFIX_HEADER = "Feedback/Feedback-Prefix.pch";
				INFOPLIST_FILE = "Feedback/Feedback-Info.plist";
				PRODUCT_NAME = "$(TARGET_NAME)";
				WRAPPER_EXTENSION = app;
			};
			name = Debug;
		};
		60E1F22515FD943C00581240 /* Release */ = {
			isa = XCBuildConfiguration;
			buildSettings = {
				GCC_PRECOMPILE_PREFIX_HEADER = YES;
				GCC_PREFIX_HEADER = "Feedback/Feedback-Prefix.pch";
				INFOPLIST_FILE = "Feedback/Feedback-Info.plist";
				PRODUCT_NAME = "$(TARGET_NAME)";
				WRAPPER_EXTENSION = app;
			};
			name = Release;
		};
/* End XCBuildConfiguration section */

/* Begin XCConfigurationList section */
		60E1F1FF15FD943B00581240 /* Build configuration list for PBXProject "Feedback" */ = {
			isa = XCConfigurationList;
			buildConfigurations = (
				60E1F22115FD943C00581240 /* Debug */,
				60E1F22215FD943C00581240 /* Release */,
			);
			defaultConfigurationIsVisible = 0;
			defaultConfigurationName = Release;
		};
		60E1F22315FD943C00581240 /* Build configuration list for PBXNativeTarget "Feedback" */ = {
			isa = XCConfigurationList;
			buildConfigurations = (
				60E1F22415FD943C00581240 /* Debug */,
				60E1F22515FD943C00581240 /* Release */,
			);
			defaultConfigurationIsVisible = 0;
			defaultConfigurationName = Release;
		};
/* End XCConfigurationList section */
	};
	rootObject = 60E1F1FC15FD943B00581240 /* Project object */;
}
